{
  "lockfile_version": "1",
  "packages": {
    "ansible@2.18.7": {
      "last_modified": "2025-07-24T15:00:16Z",
      "resolved": "github:NixOS/nixpkgs/b74a30dbc0a72e20df07d43109339f780b439291#ansible",
      "source": "devbox-search",
      "version": "2.18.7",
      "systems": {
        "aarch64-darwin": {
          "outputs": [
            {
              "name": "out",
              "path": "/nix/store/qmar5zgs9lxar7b7mriazvrka20hcslx-python3.13-ansible-core-2.18.7",
              "default": true
            },
            {
              "name": "dist",
              "path": "/nix/store/1vwgkixmh7bm5qj8v03db8b5dnmp65q3-python3.13-ansible-core-2.18.7-dist"
            }
          ],
          "store_path": "/nix/store/qmar5zgs9lxar7b7mriazvrka20hcslx-python3.13-ansible-core-2.18.7"
        },
        "aarch64-linux": {
          "outputs": [
            {
              "name": "out",
              "path": "/nix/store/zi2xpjjb9d6l2blr95pxdvwcjw9jjaxd-python3.13-ansible-core-2.18.7",
              "default": true
            },
            {
              "name": "dist",
              "path": "/nix/store/6car8i7dyqcmr0x2n7z4p3d12rim2k0j-python3.13-ansible-core-2.18.7-dist"
            }
          ],
          "store_path": "/nix/store/zi2xpjjb9d6l2blr95pxdvwcjw9jjaxd-python3.13-ansible-core-2.18.7"
        },
        "x86_64-darwin": {
          "outputs": [
            {
              "name": "out",
              "path": "/nix/store/w8kipz2an728f5cjys6bpmkk42p6mmhf-python3.13-ansible-core-2.18.7",
              "default": true
            },
            {
              "name": "dist",
              "path": "/nix/store/cq7k1xwcl1z6g76qf0cdyw46dsi4c9s5-python3.13-ansible-core-2.18.7-dist"
            }
          ],
          "store_path": "/nix/store/w8kipz2an728f5cjys6bpmkk42p6mmhf-python3.13-ansible-core-2.18.7"
        },
        "x86_64-linux": {
          "outputs": [
            {
              "name": "out",
              "path": "/nix/store/2q4k547d89dnvxpyw7qql77bwpc34dby-python3.13-ansible-core-2.18.7",
              "default": true
            },
            {
              "name": "dist",
              "path": "/nix/store/sp5myxai1h56n8q4d6hjpz0n7raxp7yx-python3.13-ansible-core-2.18.7-dist"
            }
          ],
          "store_path": "/nix/store/2q4k547d89dnvxpyw7qql77bwpc34dby-python3.13-ansible-core-2.18.7"
        }
      }
    },
    "github:NixOS/nixpkgs/nixpkgs-unstable": {
      "last_modified": "2025-07-17T10:11:59Z",
      "resolved": "github:NixOS/nixpkgs/fa0ef8a6bb1651aa26c939aeb51b5f499e86b0ec?lastModified=1752747119&narHash=sha256-2Kp9St3Pbsmu%2BxMsobLcgzzUxPvZR7alVJWyuk2BAPc%3D"
    },
    "sshpass@1.10": {
      "last_modified": "2025-06-20T02:24:11Z",
      "resolved": "github:NixOS/nixpkgs/076e8c6678d8c54204abcb4b1b14c366835a58bb#sshpass",
      "source": "devbox-search",
      "version": "1.10",
      "systems": {
        "aarch64-darwin": {
          "outputs": [
            {
              "name": "out",
              "path": "/nix/store/hkp76zd6zq60h6x7nzbrrwp1nad8yrbj-sshpass-1.10",
              "default": true
            }
          ],
          "store_path": "/nix/store/hkp76zd6zq60h6x7nzbrrwp1nad8yrbj-sshpass-1.10"
        },
        "aarch64-linux": {
          "outputs": [
            {
              "name": "out",
              "path": "/nix/store/q3fbbfvcxq25pcg35grasc8nmijd38an-sshpass-1.10",
              "default": true
            }
          ],
          "store_path": "/nix/store/q3fbbfvcxq25pcg35grasc8nmijd38an-sshpass-1.10"
        },
        "x86_64-darwin": {
          "outputs": [
            {
              "name": "out",
              "path": "/nix/store/492n7ipgl1lfnd0d111kjjmd492hl4a9-sshpass-1.10",
              "default": true
            }
          ],
          "store_path": "/nix/store/492n7ipgl1lfnd0d111kjjmd492hl4a9-sshpass-1.10"
        },
        "x86_64-linux": {
          "outputs": [
            {
              "name": "out",
              "path": "/nix/store/r280ihfbmma055vhdwlwsq476xsc0d68-sshpass-1.10",
              "default": true
            }
          ],
          "store_path": "/nix/store/r280ihfbmma055vhdwlwsq476xsc0d68-sshpass-1.10"
        }
      }
    }
  }
}
