{
  "lockfile_version": "1",
  "packages": {
    "github:NixOS/nixpkgs/nixpkgs-unstable": {
      "last_modified": "2025-09-03T14:58:13Z",
      "resolved": "github:NixOS/nixpkgs/c6a788f552b7b7af703b1a29802a7233c0067908?lastModified=1756911493&narHash=sha256-6n%2Fn1GZQ%2Fvi%2BLhFXMSyoseKdNfc2QQaSBXJdgamrbkE%3D"
    },
    "python313Packages.ansible-core@2.18.7": {
      "last_modified": "2025-08-05T11:35:34Z",
      "resolved": "github:NixOS/nixpkgs/a683adc19ff5228af548c6539dbc3440509bfed3#python313Packages.ansible-core",
      "source": "devbox-search",
      "version": "2.18.7",
      "systems": {
        "aarch64-darwin": {
          "outputs": [
            {
              "name": "out",
              "path": "/nix/store/kyl5jmqcf9vj16xavh742jc3jdjrka01-python3.13-ansible-core-2.18.7",
              "default": true
            },
            {
              "name": "dist",
              "path": "/nix/store/ahgv5ar3a1p7qj0lka8kn5cqxwx188lr-python3.13-ansible-core-2.18.7-dist"
            }
          ],
          "store_path": "/nix/store/kyl5jmqcf9vj16xavh742jc3jdjrka01-python3.13-ansible-core-2.18.7"
        },
        "aarch64-linux": {
          "outputs": [
            {
              "name": "out",
              "path": "/nix/store/sk42yvzbkcxykm99qs6r8q2ld7rk9zyi-python3.13-ansible-core-2.18.7",
              "default": true
            },
            {
              "name": "dist",
              "path": "/nix/store/h2y0cy1g2qq2b8z0v08m1wqpm9wf8bz8-python3.13-ansible-core-2.18.7-dist"
            }
          ],
          "store_path": "/nix/store/sk42yvzbkcxykm99qs6r8q2ld7rk9zyi-python3.13-ansible-core-2.18.7"
        },
        "x86_64-darwin": {
          "outputs": [
            {
              "name": "out",
              "path": "/nix/store/n4ylz6wv52z6a3qsf42ww850mrd878cs-python3.13-ansible-core-2.18.7",
              "default": true
            },
            {
              "name": "dist",
              "path": "/nix/store/d18hgxvm4hsc3njrv9ibyay2yfnyhw3b-python3.13-ansible-core-2.18.7-dist"
            }
          ],
          "store_path": "/nix/store/n4ylz6wv52z6a3qsf42ww850mrd878cs-python3.13-ansible-core-2.18.7"
        },
        "x86_64-linux": {
          "outputs": [
            {
              "name": "out",
              "path": "/nix/store/p1iidhy3dpmgy3z83rwqqhr88vk3zd7v-python3.13-ansible-core-2.18.7",
              "default": true
            },
            {
              "name": "dist",
              "path": "/nix/store/0rygjhshivvs5myg5yijvi32s6gb94r2-python3.13-ansible-core-2.18.7-dist"
            }
          ],
          "store_path": "/nix/store/p1iidhy3dpmgy3z83rwqqhr88vk3zd7v-python3.13-ansible-core-2.18.7"
        }
      }
    },
    "sshpass@1.10": {
      "last_modified": "2025-09-18T16:33:27Z",
      "resolved": "github:NixOS/nixpkgs/f4b140d5b253f5e2a1ff4e5506edbf8267724bde#sshpass",
      "source": "devbox-search",
      "version": "1.10",
      "systems": {
        "aarch64-darwin": {
          "outputs": [
            {
              "name": "out",
              "path": "/nix/store/8vk0mz29nly0y0fgc4sc34p0z0avjidd-sshpass-1.10",
              "default": true
            }
          ],
          "store_path": "/nix/store/8vk0mz29nly0y0fgc4sc34p0z0avjidd-sshpass-1.10"
        },
        "aarch64-linux": {
          "outputs": [
            {
              "name": "out",
              "path": "/nix/store/6r3gz8ia0sbm00kygbb9b3xckjq8n6ai-sshpass-1.10",
              "default": true
            }
          ],
          "store_path": "/nix/store/6r3gz8ia0sbm00kygbb9b3xckjq8n6ai-sshpass-1.10"
        },
        "x86_64-darwin": {
          "outputs": [
            {
              "name": "out",
              "path": "/nix/store/pf88mmmi4yc71729p3w4f60vgl1m5bc7-sshpass-1.10",
              "default": true
            }
          ],
          "store_path": "/nix/store/pf88mmmi4yc71729p3w4f60vgl1m5bc7-sshpass-1.10"
        },
        "x86_64-linux": {
          "outputs": [
            {
              "name": "out",
              "path": "/nix/store/kjyygk6m764y50q5bagdz7z126pa9drf-sshpass-1.10",
              "default": true
            }
          ],
          "store_path": "/nix/store/kjyygk6m764y50q5bagdz7z126pa9drf-sshpass-1.10"
        }
      }
    }
  }
}
