{
  "lockfile_version": "1",
  "packages": {
    "github:NixOS/nixpkgs/nixpkgs-unstable": {
      "last_modified": "2025-09-03T14:58:13Z",
      "resolved": "github:NixOS/nixpkgs/c6a788f552b7b7af703b1a29802a7233c0067908?lastModified=1756911493&narHash=sha256-6n%2Fn1GZQ%2Fvi%2BLhFXMSyoseKdNfc2QQaSBXJdgamrbkE%3D"
    },
    "python313Packages.ansible-core@2.19.4": {
      "last_modified": "2025-11-25T14:41:04Z",
      "resolved": "github:NixOS/nixpkgs/dc205f7b4fdb04c8b7877b43edb7b73be7730081#python313Packages.ansible-core",
      "source": "devbox-search",
      "version": "2.19.4",
      "systems": {
        "aarch64-darwin": {
          "outputs": [
            {
              "name": "out",
              "path": "/nix/store/k149kkhqwk84aifs19r2812d4mg5ryd5-python3.13-ansible-core-2.19.4",
              "default": true
            },
            {
              "name": "dist",
              "path": "/nix/store/z9q3mlfql0km2wwz70nq5fz7mfy9mwpc-python3.13-ansible-core-2.19.4-dist"
            }
          ],
          "store_path": "/nix/store/k149kkhqwk84aifs19r2812d4mg5ryd5-python3.13-ansible-core-2.19.4"
        },
        "aarch64-linux": {
          "outputs": [
            {
              "name": "out",
              "path": "/nix/store/spzjiyvf07pp5c133l3q0i89z69bi7ad-python3.13-ansible-core-2.19.4",
              "default": true
            },
            {
              "name": "dist",
              "path": "/nix/store/cmzx4ylrik5lp4n8hbdxw8nijymxhmpa-python3.13-ansible-core-2.19.4-dist"
            }
          ],
          "store_path": "/nix/store/spzjiyvf07pp5c133l3q0i89z69bi7ad-python3.13-ansible-core-2.19.4"
        },
        "x86_64-darwin": {
          "outputs": [
            {
              "name": "out",
              "path": "/nix/store/zf9mgcfnrljvwczmif5sr7d7ya5p9fm2-python3.13-ansible-core-2.19.4",
              "default": true
            },
            {
              "name": "dist",
              "path": "/nix/store/62cpj0031dj00l7hjk0yqcnmbhmg5jr2-python3.13-ansible-core-2.19.4-dist"
            }
          ],
          "store_path": "/nix/store/zf9mgcfnrljvwczmif5sr7d7ya5p9fm2-python3.13-ansible-core-2.19.4"
        },
        "x86_64-linux": {
          "outputs": [
            {
              "name": "out",
              "path": "/nix/store/2hh496s6v9z2y91bzini0g6nfd1bf0qz-python3.13-ansible-core-2.19.4",
              "default": true
            },
            {
              "name": "dist",
              "path": "/nix/store/f6w4x75dpsrwlp0mb5s0xf6n712wwvql-python3.13-ansible-core-2.19.4-dist"
            }
          ],
          "store_path": "/nix/store/2hh496s6v9z2y91bzini0g6nfd1bf0qz-python3.13-ansible-core-2.19.4"
        }
      }
    },
    "sshpass@1.10": {
      "last_modified": "2025-09-18T16:33:27Z",
      "resolved": "github:NixOS/nixpkgs/f4b140d5b253f5e2a1ff4e5506edbf8267724bde#sshpass",
      "source": "devbox-search",
      "version": "1.10",
      "systems": {
        "aarch64-darwin": {
          "outputs": [
            {
              "name": "out",
              "path": "/nix/store/8vk0mz29nly0y0fgc4sc34p0z0avjidd-sshpass-1.10",
              "default": true
            }
          ],
          "store_path": "/nix/store/8vk0mz29nly0y0fgc4sc34p0z0avjidd-sshpass-1.10"
        },
        "aarch64-linux": {
          "outputs": [
            {
              "name": "out",
              "path": "/nix/store/6r3gz8ia0sbm00kygbb9b3xckjq8n6ai-sshpass-1.10",
              "default": true
            }
          ],
          "store_path": "/nix/store/6r3gz8ia0sbm00kygbb9b3xckjq8n6ai-sshpass-1.10"
        },
        "x86_64-darwin": {
          "outputs": [
            {
              "name": "out",
              "path": "/nix/store/pf88mmmi4yc71729p3w4f60vgl1m5bc7-sshpass-1.10",
              "default": true
            }
          ],
          "store_path": "/nix/store/pf88mmmi4yc71729p3w4f60vgl1m5bc7-sshpass-1.10"
        },
        "x86_64-linux": {
          "outputs": [
            {
              "name": "out",
              "path": "/nix/store/kjyygk6m764y50q5bagdz7z126pa9drf-sshpass-1.10",
              "default": true
            }
          ],
          "store_path": "/nix/store/kjyygk6m764y50q5bagdz7z126pa9drf-sshpass-1.10"
        }
      }
    }
  }
}
